
Microsoft Visual Studio Solution File, Format Version 12.00
# Visual Studio Version 17
VisualStudioVersion = 17.2.32630.192
MinimumVisualStudioVersion = 10.0.40219.1
Project("{9A19103F-16F7-4668-BE54-9A1E7A4F7556}") = "Route", "Route\Route.csproj", "{50B49478-1053-47D9-BF9D-F5286B752D18}"
EndProject
Project("{FAE04EC0-301F-11D3-BF4B-00C04F79EFBC}") = "Route.Tests", "Route.Tests\Route.Tests.csproj", "{003F9016-03D6-4FFF-AFFD-172FB7657811}"
EndProject
Global
	GlobalSection(SolutionConfigurationPlatforms) = preSolution
		Debug|Any CPU = Debug|Any CPU
		Release|Any CPU = Release|Any CPU
	EndGlobalSection
	GlobalSection(ProjectConfigurationPlatforms) = postSolution
		{50B49478-1053-47D9-BF9D-F5286B752D18}.Debug|Any CPU.ActiveCfg = Debug|Any CPU
		{50B49478-1053-47D9-BF9D-F5286B752D18}.Debug|Any CPU.Build.0 = Debug|Any CPU
		{50B49478-1053-47D9-BF9D-F5286B752D18}.Release|Any CPU.ActiveCfg = Release|Any CPU
		{50B49478-1053-47D9-BF9D-F5286B752D18}.Release|Any CPU.Build.0 = Release|Any CPU
		{003F9016-03D6-4FFF-AFFD-172FB7657811}.Debug|Any CPU.ActiveCfg = Debug|Any CPU
		{003F9016-03D6-4FFF-AFFD-172FB7657811}.Debug|Any CPU.Build.0 = Debug|Any CPU
		{003F9016-03D6-4FFF-AFFD-172FB7657811}.Release|Any CPU.ActiveCfg = Release|Any CPU
		{003F9016-03D6-4FFF-AFFD-172FB7657811}.Release|Any CPU.Build.0 = Release|Any CPU
	EndGlobalSection
	GlobalSection(SolutionProperties) = preSolution
		HideSolutionNode = FALSE
	EndGlobalSection
	GlobalSection(ExtensibilityGlobals) = postSolution
		SolutionGuid = {83898CF0-FCCB-4D92-96E5-9B91B2E45A1F}
	EndGlobalSection
EndGlobal
